// !$*UTF8*$!
{
	archiveVersion = 1;
	classes = {
	};
	objectVersion = 46;
	objects = {

/* Begin PBXBuildFile section */
		CEE7A04515A97A1500D77D20 /* UIKit.framework in Frameworks */ = {isa = PBXBuildFile; fileRef = CEE7A04415A97A1500D77D20 /* UIKit.framework */; };
		CEE7A04715A97A1500D77D20 /* Foundation.framework in Frameworks */ = {isa = PBXBuildFile; fileRef = CEE7A04615A97A1500D77D20 /* Foundation.framework */; };
		CEE7A04915A97A1500D77D20 /* CoreGraphics.framework in Frameworks */ = {isa = PBXBuildFile; fileRef = CEE7A04815A97A1500D77D20 /* CoreGraphics.framework */; };
		CEE7A04F15A97A1500D77D20 /* InfoPlist.strings in Resources */ = {isa = PBXBuildFile; fileRef = CEE7A04D15A97A1500D77D20 /* InfoPlist.strings */; };
		CEE7A05115A97A1600D77D20 /* main.m in Sources */ = {isa = PBXBuildFile; fileRef = CEE7A05015A97A1600D77D20 /* main.m */; };
		CEE7A05515A97A1600D77D20 /* AppDelegate.m in Sources */ = {isa = PBXBuildFile; fileRef = CEE7A05415A97A1600D77D20 /* AppDelegate.m */; };
		CEE7A05815A97A1600D77D20 /* MainStoryboard.storyboard in Resources */ = {isa = PBXBuildFile; fileRef = CEE7A05615A97A1600D77D20 /* MainStoryboard.storyboard */; };
		CEE7A05B15A97A1600D77D20 /* ViewController.m in Sources */ = {isa = PBXBuildFile; fileRef = CEE7A05A15A97A1600D77D20 /* ViewController.m */; };
/* End PBXBuildFile section */

/* Begin PBXFileReference section */
		CEE7A04015A97A1500D77D20 /* FILE_HOST.app */ = {isa = PBXFileReference; explicitFileType = wrapper.application; includeInIndex = 0; path = FILE_HOST.app; sourceTree = BUILT_PRODUCTS_DIR; };
		CEE7A04415A97A1500D77D20 /* UIKit.framework */ = {isa = PBXFileReference; lastKnownFileType = wrapper.framework; name = UIKit.framework; path = System/Library/Frameworks/UIKit.framework; sourceTree = SDKROOT; };
		CEE7A04615A97A1500D77D20 /* Foundation.framework */ = {isa = PBXFileReference; lastKnownFileType = wrapper.framework; name = Foundation.framework; path = System/Library/Frameworks/Foundation.framework; sourceTree = SDKROOT; };
		CEE7A04815A97A1500D77D20 /* CoreGraphics.framework */ = {isa = PBXFileReference; lastKnownFileType = wrapper.framework; name = CoreGraphics.framework; path = System/Library/Frameworks/CoreGraphics.framework; sourceTree = SDKROOT; };
		CEE7A04C15A97A1500D77D20 /* FILE_HOST-Info.plist */ = {isa = PBXFileReference; lastKnownFileType = text.plist.xml; path = "FILE_HOST-Info.plist"; sourceTree = "<group>"; };
		CEE7A04E15A97A1500D77D20 /* en */ = {isa = PBXFileReference; lastKnownFileType = text.plist.strings; name = en; path = en.lproj/InfoPlist.strings; sourceTree = "<group>"; };
		CEE7A05015A97A1600D77D20 /* main.m */ = {isa = PBXFileReference; lastKnownFileType = sourcecode.c.objc; path = main.m; sourceTree = "<group>"; };
		CEE7A05215A97A1600D77D20 /* FILE_HOST-Prefix.pch */ = {isa = PBXFileReference; lastKnownFileType = sourcecode.c.h; path = "FILE_HOST-Prefix.pch"; sourceTree = "<group>"; };
		CEE7A05315A97A1600D77D20 /* AppDelegate.h */ = {isa = PBXFileReference; lastKnownFileType = sourcecode.c.h; path = AppDelegate.h; sourceTree = "<group>"; };
		CEE7A05415A97A1600D77D20 /* AppDelegate.m */ = {isa = PBXFileReference; lastKnownFileType = sourcecode.c.objc; path = AppDelegate.m; sourceTree = "<group>"; };
		CEE7A05715A97A1600D77D20 /* en */ = {isa = PBXFileReference; lastKnownFileType = file.storyboard; name = en; path = en.lproj/MainStoryboard.storyboard; sourceTree = "<group>"; };
		CEE7A05915A97A1600D77D20 /* ViewController.h */ = {isa = PBXFileReference; lastKnownFileType = sourcecode.c.h; path = ViewController.h; sourceTree = "<group>"; };
		CEE7A05A15A97A1600D77D20 /* ViewController.m */ = {isa = PBXFileReference; lastKnownFileType = sourcecode.c.objc; path = ViewController.m; sourceTree = "<group>"; };
/* End PBXFileReference section */

/* Begin PBXFrameworksBuildPhase section */
		CEE7A03D15A97A1500D77D20 /* Frameworks */ = {
			isa = PBXFrameworksBuildPhase;
			buildActionMask = 2147483647;
			files = (
				CEE7A04515A97A1500D77D20 /* UIKit.framework in Frameworks */,
				CEE7A04715A97A1500D77D20 /* Foundation.framework in Frameworks */,
				CEE7A04915A97A1500D77D20 /* CoreGraphics.framework in Frameworks */,
			);
			runOnlyForDeploymentPostprocessing = 0;
		};
/* End PBXFrameworksBuildPhase section */

/* Begin PBXGroup section */
		CEE7A03515A97A1500D77D20 = {
			isa = PBXGroup;
			children = (
				CEE7A04A15A97A1500D77D20 /* FILE_HOST */,
				CEE7A04315A97A1500D77D20 /* Frameworks */,
				CEE7A04115A97A1500D77D20 /* Products */,
			);
			sourceTree = "<group>";
		};
		CEE7A04115A97A1500D77D20 /* Products */ = {
			isa = PBXGroup;
			children = (
				CEE7A04015A97A1500D77D20 /* FILE_HOST.app */,
			);
			name = Products;
			sourceTree = "<group>";
		};
		CEE7A04315A97A1500D77D20 /* Frameworks */ = {
			isa = PBXGroup;
			children = (
				CEE7A04415A97A1500D77D20 /* UIKit.framework */,
				CEE7A04615A97A1500D77D20 /* Foundation.framework */,
				CEE7A04815A97A1500D77D20 /* CoreGraphics.framework */,
			);
			name = Frameworks;
			sourceTree = "<group>";
		};
		CEE7A04A15A97A1500D77D20 /* FILE_HOST */ = {
			isa = PBXGroup;
			children = (
				CEE7A05315A97A1600D77D20 /* AppDelegate.h */,
				CEE7A05415A97A1600D77D20 /* AppDelegate.m */,
				CEE7A05615A97A1600D77D20 /* MainStoryboard.storyboard */,
				CEE7A05915A97A1600D77D20 /* ViewController.h */,
				CEE7A05A15A97A1600D77D20 /* ViewController.m */,
				CEE7A04B15A97A1500D77D20 /* Supporting Files */,
			);
			path = FILE_HOST;
			sourceTree = "<group>";
		};
		CEE7A04B15A97A1500D77D20 /* Supporting Files */ = {
			isa = PBXGroup;
			children = (
				CEE7A04C15A97A1500D77D20 /* FILE_HOST-Info.plist */,
				CEE7A04D15A97A1500D77D20 /* InfoPlist.strings */,
				CEE7A05015A97A1600D77D20 /* main.m */,
				CEE7A05215A97A1600D77D20 /* FILE_HOST-Prefix.pch */,
			);
			name = "Supporting Files";
			sourceTree = "<group>";
		};
/* End PBXGroup section */

/* Begin PBXNativeTarget section */
		CEE7A03F15A97A1500D77D20 /* FILE_HOST */ = {
			isa = PBXNativeTarget;
			buildConfigurationList = CEE7A05E15A97A1600D77D20 /* Build configuration list for PBXNativeTarget "FILE_HOST" */;
			buildPhases = (
				CEE7A03C15A97A1500D77D20 /* Sources */,
				CEE7A03D15A97A1500D77D20 /* Frameworks */,
				CEE7A03E15A97A1500D77D20 /* Resources */,
			);
			buildRules = (
			);
			dependencies = (
			);
			name = FILE_HOST;
			productName = FILE_HOST;
			productReference = CEE7A04015A97A1500D77D20 /* FILE_HOST.app */;
			productType = "com.apple.product-type.application";
		};
/* End PBXNativeTarget section */

/* Begin PBXProject section */
		CEE7A03715A97A1500D77D20 /* Project object */ = {
			isa = PBXProject;
			attributes = {
				LastUpgradeCheck = 0430;
				ORGANIZATIONNAME = mtgto;
			};
			buildConfigurationList = CEE7A03A15A97A1500D77D20 /* Build configuration list for PBXProject "FILE_HOST" */;
			compatibilityVersion = "Xcode 3.2";
			developmentRegion = English;
			hasScannedForEncodings = 0;
			knownRegions = (
				en,
			);
			mainGroup = CEE7A03515A97A1500D77D20;
			productRefGroup = CEE7A04115A97A1500D77D20 /* Products */;
			projectDirPath = "";
			projectRoot = "";
			targets = (
				CEE7A03F15A97A1500D77D20 /* FILE_HOST */,
			);
		};
/* End PBXProject section */

/* Begin PBXResourcesBuildPhase section */
		CEE7A03E15A97A1500D77D20 /* Resources */ = {
			isa = PBXResourcesBuildPhase;
			buildActionMask = 2147483647;
			files = (
				CEE7A04F15A97A1500D77D20 /* InfoPlist.strings in Resources */,
				CEE7A05815A97A1600D77D20 /* MainStoryboard.storyboard in Resources */,
			);
			runOnlyForDeploymentPostprocessing = 0;
		};
/* End PBXResourcesBuildPhase section */

/* Begin PBXSourcesBuildPhase section */
		CEE7A03C15A97A1500D77D20 /* Sources */ = {
			isa = PBXSourcesBuildPhase;
			buildActionMask = 2147483647;
			files = (
				CEE7A05115A97A1600D77D20 /* main.m in Sources */,
				CEE7A05515A97A1600D77D20 /* AppDelegate.m in Sources */,
				CEE7A05B15A97A1600D77D20 /* ViewController.m in Sources */,
			);
			runOnlyForDeploymentPostprocessing = 0;
		};
/* End PBXSourcesBuildPhase section */

/* Begin PBXVariantGroup section */
		CEE7A04D15A97A1500D77D20 /* InfoPlist.strings */ = {
			isa = PBXVariantGroup;
			children = (
				CEE7A04E15A97A1500D77D20 /* en */,
			);
			name = InfoPlist.strings;
			sourceTree = "<group>";
		};
		CEE7A05615A97A1600D77D20 /* MainStoryboard.storyboard */ = {
			isa = PBXVariantGroup;
			children = (
				CEE7A05715A97A1600D77D20 /* en */,
			);
			name = MainStoryboard.storyboard;
			sourceTree = "<group>";
		};
/* End PBXVariantGroup section */

/* Begin XCBuildConfiguration section */
		CEE7A05C15A97A1600D77D20 /* Debug */ = {
			isa = XCBuildConfiguration;
			buildSettings = {
				ALWAYS_SEARCH_USER_PATHS = NO;
				ARCHS = "$(ARCHS_STANDARD_32_BIT)";
				CLANG_ENABLE_OBJC_ARC = YES;
				"CODE_SIGN_IDENTITY[sdk=iphoneos*]" = "iPhone Developer";
				COPY_PHASE_STRIP = NO;
				GCC_C_LANGUAGE_STANDARD = gnu99;
				GCC_DYNAMIC_NO_PIC = NO;
				GCC_OPTIMIZATION_LEVEL = 0;
				GCC_PREPROCESSOR_DEFINITIONS = (
					"DEBUG=1",
					"$(inherited)",
				);
				GCC_SYMBOLS_PRIVATE_EXTERN = NO;
				GCC_VERSION = com.apple.compilers.llvm.clang.1_0;
				GCC_WARN_ABOUT_RETURN_TYPE = YES;
				GCC_WARN_UNINITIALIZED_AUTOS = YES;
				GCC_WARN_UNUSED_VARIABLE = YES;
				IPHONEOS_DEPLOYMENT_TARGET = 5.1;
				SDKROOT = iphoneos;
			};
			name = Debug;
		};
		CEE7A05D15A97A1600D77D20 /* Release */ = {
			isa = XCBuildConfiguration;
			buildSettings = {
				ALWAYS_SEARCH_USER_PATHS = NO;
				ARCHS = "$(ARCHS_STANDARD_32_BIT)";
				CLANG_ENABLE_OBJC_ARC = YES;
				"CODE_SIGN_IDENTITY[sdk=iphoneos*]" = "iPhone Developer";
				COPY_PHASE_STRIP = YES;
				GCC_C_LANGUAGE_STANDARD = gnu99;
				GCC_VERSION = com.apple.compilers.llvm.clang.1_0;
				GCC_WARN_ABOUT_RETURN_TYPE = YES;
				GCC_WARN_UNINITIALIZED_AUTOS = YES;
				GCC_WARN_UNUSED_VARIABLE = YES;
				IPHONEOS_DEPLOYMENT_TARGET = 5.1;
				OTHER_CFLAGS = "-DNS_BLOCK_ASSERTIONS=1";
				SDKROOT = iphoneos;
				VALIDATE_PRODUCT = YES;
			};
			name = Release;
		};
		CEE7A05F15A97A1600D77D20 /* Debug */ = {
			isa = XCBuildConfiguration;
			buildSettings = {
				GCC_PRECOMPILE_PREFIX_HEADER = YES;
				GCC_PREFIX_HEADER = "FILE_HOST/FILE_HOST-Prefix.pch";
				INFOPLIST_FILE = "FILE_HOST/FILE_HOST-Info.plist";
				PRODUCT_NAME = "$(TARGET_NAME)";
				WRAPPER_EXTENSION = app;
			};
			name = Debug;
		};
		CEE7A06015A97A1600D77D20 /* Release */ = {
			isa = XCBuildConfiguration;
			buildSettings = {
				GCC_PRECOMPILE_PREFIX_HEADER = YES;
				GCC_PREFIX_HEADER = "FILE_HOST/FILE_HOST-Prefix.pch";
				INFOPLIST_FILE = "FILE_HOST/FILE_HOST-Info.plist";
				PRODUCT_NAME = "$(TARGET_NAME)";
				WRAPPER_EXTENSION = app;
			};
			name = Release;
		};
/* End XCBuildConfiguration section */

/* Begin XCConfigurationList section */
		CEE7A03A15A97A1500D77D20 /* Build configuration list for PBXProject "FILE_HOST" */ = {
			isa = XCConfigurationList;
			buildConfigurations = (
				CEE7A05C15A97A1600D77D20 /* Debug */,
				CEE7A05D15A97A1600D77D20 /* Release */,
			);
			defaultConfigurationIsVisible = 0;
			defaultConfigurationName = Release;
		};
		CEE7A05E15A97A1600D77D20 /* Build configuration list for PBXNativeTarget "FILE_HOST" */ = {
			isa = XCConfigurationList;
			buildConfigurations = (
				CEE7A05F15A97A1600D77D20 /* Debug */,
				CEE7A06015A97A1600D77D20 /* Release */,
			);
			defaultConfigurationIsVisible = 0;
		};
/* End XCConfigurationList section */
	};
	rootObject = CEE7A03715A97A1500D77D20 /* Project object */;
}
