// !$*UTF8*$!
{
	archiveVersion = 1;
	classes = {
	};
	objectVersion = 46;
	objects = {

/* Begin PBXBuildFile section */
		CE5E7A7715C3EB23000C5BCA /* Default-mtgtotest.png in Resources */ = {isa = PBXBuildFile; fileRef = CE5E7A7615C3EB23000C5BCA /* Default-mtgtotest.png */; };
		CE5E7A7A15C3EC0A000C5BCA /* Default.png in Resources */ = {isa = PBXBuildFile; fileRef = CE5E7A7915C3EC0A000C5BCA /* Default.png */; };
		CEE7A09D15A997DB00D77D20 /* UIKit.framework in Frameworks */ = {isa = PBXBuildFile; fileRef = CEE7A09C15A997DB00D77D20 /* UIKit.framework */; };
		CEE7A09F15A997DB00D77D20 /* Foundation.framework in Frameworks */ = {isa = PBXBuildFile; fileRef = CEE7A09E15A997DB00D77D20 /* Foundation.framework */; };
		CEE7A0A115A997DB00D77D20 /* CoreGraphics.framework in Frameworks */ = {isa = PBXBuildFile; fileRef = CEE7A0A015A997DB00D77D20 /* CoreGraphics.framework */; };
		CEE7A0A715A997DB00D77D20 /* InfoPlist.strings in Resources */ = {isa = PBXBuildFile; fileRef = CEE7A0A515A997DB00D77D20 /* InfoPlist.strings */; };
		CEE7A0A915A997DB00D77D20 /* main.m in Sources */ = {isa = PBXBuildFile; fileRef = CEE7A0A815A997DB00D77D20 /* main.m */; };
		CEE7A0AD15A997DB00D77D20 /* AppDelegate.m in Sources */ = {isa = PBXBuildFile; fileRef = CEE7A0AC15A997DB00D77D20 /* AppDelegate.m */; };
		CEE7A0B015A997DB00D77D20 /* MainStoryboard.storyboard in Resources */ = {isa = PBXBuildFile; fileRef = CEE7A0AE15A997DB00D77D20 /* MainStoryboard.storyboard */; };
		CEE7A0B315A997DB00D77D20 /* ViewController.m in Sources */ = {isa = PBXBuildFile; fileRef = CEE7A0B215A997DB00D77D20 /* ViewController.m */; };
/* End PBXBuildFile section */

/* Begin PBXFileReference section */
		CE5E7A7615C3EB23000C5BCA /* Default-mtgtotest.png */ = {isa = PBXFileReference; lastKnownFileType = image.png; path = "Default-mtgtotest.png"; sourceTree = "<group>"; };
		CE5E7A7915C3EC0A000C5BCA /* Default.png */ = {isa = PBXFileReference; lastKnownFileType = image.png; path = Default.png; sourceTree = "<group>"; };
		CEE7A09815A997DB00D77D20 /* CUSTOM_URL.app */ = {isa = PBXFileReference; explicitFileType = wrapper.application; includeInIndex = 0; path = CUSTOM_URL.app; sourceTree = BUILT_PRODUCTS_DIR; };
		CEE7A09C15A997DB00D77D20 /* UIKit.framework */ = {isa = PBXFileReference; lastKnownFileType = wrapper.framework; name = UIKit.framework; path = System/Library/Frameworks/UIKit.framework; sourceTree = SDKROOT; };
		CEE7A09E15A997DB00D77D20 /* Foundation.framework */ = {isa = PBXFileReference; lastKnownFileType = wrapper.framework; name = Foundation.framework; path = System/Library/Frameworks/Foundation.framework; sourceTree = SDKROOT; };
		CEE7A0A015A997DB00D77D20 /* CoreGraphics.framework */ = {isa = PBXFileReference; lastKnownFileType = wrapper.framework; name = CoreGraphics.framework; path = System/Library/Frameworks/CoreGraphics.framework; sourceTree = SDKROOT; };
		CEE7A0A415A997DB00D77D20 /* CUSTOM_URL-Info.plist */ = {isa = PBXFileReference; lastKnownFileType = text.plist.xml; path = "CUSTOM_URL-Info.plist"; sourceTree = "<group>"; };
		CEE7A0A615A997DB00D77D20 /* en */ = {isa = PBXFileReference; lastKnownFileType = text.plist.strings; name = en; path = en.lproj/InfoPlist.strings; sourceTree = "<group>"; };
		CEE7A0A815A997DB00D77D20 /* main.m */ = {isa = PBXFileReference; lastKnownFileType = sourcecode.c.objc; path = main.m; sourceTree = "<group>"; };
		CEE7A0AA15A997DB00D77D20 /* CUSTOM_URL-Prefix.pch */ = {isa = PBXFileReference; lastKnownFileType = sourcecode.c.h; path = "CUSTOM_URL-Prefix.pch"; sourceTree = "<group>"; };
		CEE7A0AB15A997DB00D77D20 /* AppDelegate.h */ = {isa = PBXFileReference; lastKnownFileType = sourcecode.c.h; path = AppDelegate.h; sourceTree = "<group>"; };
		CEE7A0AC15A997DB00D77D20 /* AppDelegate.m */ = {isa = PBXFileReference; lastKnownFileType = sourcecode.c.objc; path = AppDelegate.m; sourceTree = "<group>"; };
		CEE7A0AF15A997DB00D77D20 /* en */ = {isa = PBXFileReference; lastKnownFileType = file.storyboard; name = en; path = en.lproj/MainStoryboard.storyboard; sourceTree = "<group>"; };
		CEE7A0B115A997DB00D77D20 /* ViewController.h */ = {isa = PBXFileReference; lastKnownFileType = sourcecode.c.h; path = ViewController.h; sourceTree = "<group>"; };
		CEE7A0B215A997DB00D77D20 /* ViewController.m */ = {isa = PBXFileReference; lastKnownFileType = sourcecode.c.objc; path = ViewController.m; sourceTree = "<group>"; };
/* End PBXFileReference section */

/* Begin PBXFrameworksBuildPhase section */
		CEE7A09515A997DB00D77D20 /* Frameworks */ = {
			isa = PBXFrameworksBuildPhase;
			buildActionMask = 2147483647;
			files = (
				CEE7A09D15A997DB00D77D20 /* UIKit.framework in Frameworks */,
				CEE7A09F15A997DB00D77D20 /* Foundation.framework in Frameworks */,
				CEE7A0A115A997DB00D77D20 /* CoreGraphics.framework in Frameworks */,
			);
			runOnlyForDeploymentPostprocessing = 0;
		};
/* End PBXFrameworksBuildPhase section */

/* Begin PBXGroup section */
		CEE7A08D15A997DB00D77D20 = {
			isa = PBXGroup;
			children = (
				CEE7A0A215A997DB00D77D20 /* CUSTOM_URL */,
				CEE7A09B15A997DB00D77D20 /* Frameworks */,
				CEE7A09915A997DB00D77D20 /* Products */,
			);
			sourceTree = "<group>";
		};
		CEE7A09915A997DB00D77D20 /* Products */ = {
			isa = PBXGroup;
			children = (
				CEE7A09815A997DB00D77D20 /* CUSTOM_URL.app */,
			);
			name = Products;
			sourceTree = "<group>";
		};
		CEE7A09B15A997DB00D77D20 /* Frameworks */ = {
			isa = PBXGroup;
			children = (
				CEE7A09C15A997DB00D77D20 /* UIKit.framework */,
				CEE7A09E15A997DB00D77D20 /* Foundation.framework */,
				CEE7A0A015A997DB00D77D20 /* CoreGraphics.framework */,
			);
			name = Frameworks;
			sourceTree = "<group>";
		};
		CEE7A0A215A997DB00D77D20 /* CUSTOM_URL */ = {
			isa = PBXGroup;
			children = (
				CEE7A0AB15A997DB00D77D20 /* AppDelegate.h */,
				CEE7A0AC15A997DB00D77D20 /* AppDelegate.m */,
				CEE7A0AE15A997DB00D77D20 /* MainStoryboard.storyboard */,
				CEE7A0B115A997DB00D77D20 /* ViewController.h */,
				CEE7A0B215A997DB00D77D20 /* ViewController.m */,
				CEE7A0A315A997DB00D77D20 /* Supporting Files */,
			);
			path = CUSTOM_URL;
			sourceTree = "<group>";
		};
		CEE7A0A315A997DB00D77D20 /* Supporting Files */ = {
			isa = PBXGroup;
			children = (
				CE5E7A7915C3EC0A000C5BCA /* Default.png */,
				CE5E7A7615C3EB23000C5BCA /* Default-mtgtotest.png */,
				CEE7A0A415A997DB00D77D20 /* CUSTOM_URL-Info.plist */,
				CEE7A0A515A997DB00D77D20 /* InfoPlist.strings */,
				CEE7A0A815A997DB00D77D20 /* main.m */,
				CEE7A0AA15A997DB00D77D20 /* CUSTOM_URL-Prefix.pch */,
			);
			name = "Supporting Files";
			sourceTree = "<group>";
		};
/* End PBXGroup section */

/* Begin PBXNativeTarget section */
		CEE7A09715A997DB00D77D20 /* CUSTOM_URL */ = {
			isa = PBXNativeTarget;
			buildConfigurationList = CEE7A0B615A997DB00D77D20 /* Build configuration list for PBXNativeTarget "CUSTOM_URL" */;
			buildPhases = (
				CEE7A09415A997DB00D77D20 /* Sources */,
				CEE7A09515A997DB00D77D20 /* Frameworks */,
				CEE7A09615A997DB00D77D20 /* Resources */,
			);
			buildRules = (
			);
			dependencies = (
			);
			name = CUSTOM_URL;
			productName = CUSTOM_URL;
			productReference = CEE7A09815A997DB00D77D20 /* CUSTOM_URL.app */;
			productType = "com.apple.product-type.application";
		};
/* End PBXNativeTarget section */

/* Begin PBXProject section */
		CEE7A08F15A997DB00D77D20 /* Project object */ = {
			isa = PBXProject;
			attributes = {
				LastUpgradeCheck = 0430;
				ORGANIZATIONNAME = mtgto;
			};
			buildConfigurationList = CEE7A09215A997DB00D77D20 /* Build configuration list for PBXProject "CUSTOM_URL" */;
			compatibilityVersion = "Xcode 3.2";
			developmentRegion = English;
			hasScannedForEncodings = 0;
			knownRegions = (
				en,
			);
			mainGroup = CEE7A08D15A997DB00D77D20;
			productRefGroup = CEE7A09915A997DB00D77D20 /* Products */;
			projectDirPath = "";
			projectRoot = "";
			targets = (
				CEE7A09715A997DB00D77D20 /* CUSTOM_URL */,
			);
		};
/* End PBXProject section */

/* Begin PBXResourcesBuildPhase section */
		CEE7A09615A997DB00D77D20 /* Resources */ = {
			isa = PBXResourcesBuildPhase;
			buildActionMask = 2147483647;
			files = (
				CEE7A0A715A997DB00D77D20 /* InfoPlist.strings in Resources */,
				CEE7A0B015A997DB00D77D20 /* MainStoryboard.storyboard in Resources */,
				CE5E7A7715C3EB23000C5BCA /* Default-mtgtotest.png in Resources */,
				CE5E7A7A15C3EC0A000C5BCA /* Default.png in Resources */,
			);
			runOnlyForDeploymentPostprocessing = 0;
		};
/* End PBXResourcesBuildPhase section */

/* Begin PBXSourcesBuildPhase section */
		CEE7A09415A997DB00D77D20 /* Sources */ = {
			isa = PBXSourcesBuildPhase;
			buildActionMask = 2147483647;
			files = (
				CEE7A0A915A997DB00D77D20 /* main.m in Sources */,
				CEE7A0AD15A997DB00D77D20 /* AppDelegate.m in Sources */,
				CEE7A0B315A997DB00D77D20 /* ViewController.m in Sources */,
			);
			runOnlyForDeploymentPostprocessing = 0;
		};
/* End PBXSourcesBuildPhase section */

/* Begin PBXVariantGroup section */
		CEE7A0A515A997DB00D77D20 /* InfoPlist.strings */ = {
			isa = PBXVariantGroup;
			children = (
				CEE7A0A615A997DB00D77D20 /* en */,
			);
			name = InfoPlist.strings;
			sourceTree = "<group>";
		};
		CEE7A0AE15A997DB00D77D20 /* MainStoryboard.storyboard */ = {
			isa = PBXVariantGroup;
			children = (
				CEE7A0AF15A997DB00D77D20 /* en */,
			);
			name = MainStoryboard.storyboard;
			sourceTree = "<group>";
		};
/* End PBXVariantGroup section */

/* Begin XCBuildConfiguration section */
		CEE7A0B415A997DB00D77D20 /* Debug */ = {
			isa = XCBuildConfiguration;
			buildSettings = {
				ALWAYS_SEARCH_USER_PATHS = NO;
				ARCHS = "$(ARCHS_STANDARD_32_BIT)";
				CLANG_ENABLE_OBJC_ARC = YES;
				"CODE_SIGN_IDENTITY[sdk=iphoneos*]" = "iPhone Developer";
				COPY_PHASE_STRIP = NO;
				GCC_C_LANGUAGE_STANDARD = gnu99;
				GCC_DYNAMIC_NO_PIC = NO;
				GCC_OPTIMIZATION_LEVEL = 0;
				GCC_PREPROCESSOR_DEFINITIONS = (
					"DEBUG=1",
					"$(inherited)",
				);
				GCC_SYMBOLS_PRIVATE_EXTERN = NO;
				GCC_VERSION = com.apple.compilers.llvm.clang.1_0;
				GCC_WARN_ABOUT_RETURN_TYPE = YES;
				GCC_WARN_UNINITIALIZED_AUTOS = YES;
				GCC_WARN_UNUSED_VARIABLE = YES;
				IPHONEOS_DEPLOYMENT_TARGET = 5.1;
				SDKROOT = iphoneos;
			};
			name = Debug;
		};
		CEE7A0B515A997DB00D77D20 /* Release */ = {
			isa = XCBuildConfiguration;
			buildSettings = {
				ALWAYS_SEARCH_USER_PATHS = NO;
				ARCHS = "$(ARCHS_STANDARD_32_BIT)";
				CLANG_ENABLE_OBJC_ARC = YES;
				"CODE_SIGN_IDENTITY[sdk=iphoneos*]" = "iPhone Developer";
				COPY_PHASE_STRIP = YES;
				GCC_C_LANGUAGE_STANDARD = gnu99;
				GCC_VERSION = com.apple.compilers.llvm.clang.1_0;
				GCC_WARN_ABOUT_RETURN_TYPE = YES;
				GCC_WARN_UNINITIALIZED_AUTOS = YES;
				GCC_WARN_UNUSED_VARIABLE = YES;
				IPHONEOS_DEPLOYMENT_TARGET = 5.1;
				OTHER_CFLAGS = "-DNS_BLOCK_ASSERTIONS=1";
				SDKROOT = iphoneos;
				VALIDATE_PRODUCT = YES;
			};
			name = Release;
		};
		CEE7A0B715A997DB00D77D20 /* Debug */ = {
			isa = XCBuildConfiguration;
			buildSettings = {
				GCC_PRECOMPILE_PREFIX_HEADER = YES;
				GCC_PREFIX_HEADER = "CUSTOM_URL/CUSTOM_URL-Prefix.pch";
				INFOPLIST_FILE = "CUSTOM_URL/CUSTOM_URL-Info.plist";
				PRODUCT_NAME = "$(TARGET_NAME)";
				WRAPPER_EXTENSION = app;
			};
			name = Debug;
		};
		CEE7A0B815A997DB00D77D20 /* Release */ = {
			isa = XCBuildConfiguration;
			buildSettings = {
				GCC_PRECOMPILE_PREFIX_HEADER = YES;
				GCC_PREFIX_HEADER = "CUSTOM_URL/CUSTOM_URL-Prefix.pch";
				INFOPLIST_FILE = "CUSTOM_URL/CUSTOM_URL-Info.plist";
				PRODUCT_NAME = "$(TARGET_NAME)";
				WRAPPER_EXTENSION = app;
			};
			name = Release;
		};
/* End XCBuildConfiguration section */

/* Begin XCConfigurationList section */
		CEE7A09215A997DB00D77D20 /* Build configuration list for PBXProject "CUSTOM_URL" */ = {
			isa = XCConfigurationList;
			buildConfigurations = (
				CEE7A0B415A997DB00D77D20 /* Debug */,
				CEE7A0B515A997DB00D77D20 /* Release */,
			);
			defaultConfigurationIsVisible = 0;
			defaultConfigurationName = Release;
		};
		CEE7A0B615A997DB00D77D20 /* Build configuration list for PBXNativeTarget "CUSTOM_URL" */ = {
			isa = XCConfigurationList;
			buildConfigurations = (
				CEE7A0B715A997DB00D77D20 /* Debug */,
				CEE7A0B815A997DB00D77D20 /* Release */,
			);
			defaultConfigurationIsVisible = 0;
			defaultConfigurationName = Release;
		};
/* End XCConfigurationList section */
	};
	rootObject = CEE7A08F15A997DB00D77D20 /* Project object */;
}
